// !$*UTF8*$!
{
	archiveVersion = 1;
	classes = {
	};
	objectVersion = 46;
	objects = {

/* Begin PBXBuildFile section */
		CEF689191C1EAB8C00931B25 /* AppDelegate.swift in Sources */ = {isa = PBXBuildFile; fileRef = CEF689181C1EAB8C00931B25 /* AppDelegate.swift */; };
		CEF6891B1C1EAB8C00931B25 /* ViewController.swift in Sources */ = {isa = PBXBuildFile; fileRef = CEF6891A1C1EAB8C00931B25 /* ViewController.swift */; };
		CEF6891E1C1EAB8C00931B25 /* Main.storyboard in Resources */ = {isa = PBXBuildFile; fileRef = CEF6891C1C1EAB8C00931B25 /* Main.storyboard */; };
		CEF689201C1EAB8C00931B25 /* Assets.xcassets in Resources */ = {isa = PBXBuildFile; fileRef = CEF6891F1C1EAB8C00931B25 /* Assets.xcassets */; };
		CEF689231C1EAB8C00931B25 /* LaunchScreen.storyboard in Resources */ = {isa = PBXBuildFile; fileRef = CEF689211C1EAB8C00931B25 /* LaunchScreen.storyboard */; };
/* End PBXBuildFile section */

/* Begin PBXFileReference section */
		CEF689151C1EAB8C00931B25 /* Icons.app */ = {isa = PBXFileReference; explicitFileType = wrapper.application; includeInIndex = 0; path = Icons.app; sourceTree = BUILT_PRODUCTS_DIR; };
		CEF689181C1EAB8C00931B25 /* AppDelegate.swift */ = {isa = PBXFileReference; lastKnownFileType = sourcecode.swift; path = AppDelegate.swift; sourceTree = "<group>"; };
		CEF6891A1C1EAB8C00931B25 /* ViewController.swift */ = {isa = PBXFileReference; lastKnownFileType = sourcecode.swift; path = ViewController.swift; sourceTree = "<group>"; };
		CEF6891D1C1EAB8C00931B25 /* Base */ = {isa = PBXFileReference; lastKnownFileType = file.storyboard; name = Base; path = Base.lproj/Main.storyboard; sourceTree = "<group>"; };
		CEF6891F1C1EAB8C00931B25 /* Assets.xcassets */ = {isa = PBXFileReference; lastKnownFileType = folder.assetcatalog; path = Assets.xcassets; sourceTree = "<group>"; };
		CEF689221C1EAB8C00931B25 /* Base */ = {isa = PBXFileReference; lastKnownFileType = file.storyboard; name = Base; path = Base.lproj/LaunchScreen.storyboard; sourceTree = "<group>"; };
		CEF689241C1EAB8C00931B25 /* Info.plist */ = {isa = PBXFileReference; lastKnownFileType = text.plist.xml; path = Info.plist; sourceTree = "<group>"; };
/* End PBXFileReference section */

/* Begin PBXFrameworksBuildPhase section */
		CEF689121C1EAB8C00931B25 /* Frameworks */ = {
			isa = PBXFrameworksBuildPhase;
			buildActionMask = 2147483647;
			files = (
			);
			runOnlyForDeploymentPostprocessing = 0;
		};
/* End PBXFrameworksBuildPhase section */

/* Begin PBXGroup section */
		CEF6890C1C1EAB8C00931B25 = {
			isa = PBXGroup;
			children = (
				CEF689171C1EAB8C00931B25 /* Icons */,
				CEF689161C1EAB8C00931B25 /* Products */,
			);
			sourceTree = "<group>";
		};
		CEF689161C1EAB8C00931B25 /* Products */ = {
			isa = PBXGroup;
			children = (
				CEF689151C1EAB8C00931B25 /* Icons.app */,
			);
			name = Products;
			sourceTree = "<group>";
		};
		CEF689171C1EAB8C00931B25 /* Icons */ = {
			isa = PBXGroup;
			children = (
				CEF6891F1C1EAB8C00931B25 /* Assets.xcassets */,
				CEF6891C1C1EAB8C00931B25 /* Main.storyboard */,
				CEF689211C1EAB8C00931B25 /* LaunchScreen.storyboard */,
				CEF689241C1EAB8C00931B25 /* Info.plist */,
				CEF6892C1C1EACAE00931B25 /* Source */,
			);
			path = Icons;
			sourceTree = "<group>";
		};
		CEF6892C1C1EACAE00931B25 /* Source */ = {
			isa = PBXGroup;
			children = (
				CEF6892E1C1EACAE00931B25 /* Model */,
				CEF6892F1C1EACAE00931B25 /* View */,
				CEF6892D1C1EACAE00931B25 /* Controller */,
				CEF689301C1EACFB00931B25 /* Utils */,
			);
			path = Source;
			sourceTree = "<group>";
		};
		CEF6892D1C1EACAE00931B25 /* Controller */ = {
			isa = PBXGroup;
			children = (
				CEF689181C1EAB8C00931B25 /* AppDelegate.swift */,
				CEF6891A1C1EAB8C00931B25 /* ViewController.swift */,
			);
			path = Controller;
			sourceTree = "<group>";
		};
		CEF6892E1C1EACAE00931B25 /* Model */ = {
			isa = PBXGroup;
			children = (
			);
			path = Model;
			sourceTree = "<group>";
		};
		CEF6892F1C1EACAE00931B25 /* View */ = {
			isa = PBXGroup;
			children = (
			);
			path = View;
			sourceTree = "<group>";
		};
		CEF689301C1EACFB00931B25 /* Utils */ = {
			isa = PBXGroup;
			children = (
			);
			path = Utils;
			sourceTree = "<group>";
		};
/* End PBXGroup section */

/* Begin PBXNativeTarget section */
		CEF689141C1EAB8C00931B25 /* Icons */ = {
			isa = PBXNativeTarget;
			buildConfigurationList = CEF689271C1EAB8C00931B25 /* Build configuration list for PBXNativeTarget "Icons" */;
			buildPhases = (
				CEF689111C1EAB8C00931B25 /* Sources */,
				CEF689121C1EAB8C00931B25 /* Frameworks */,
				CEF689131C1EAB8C00931B25 /* Resources */,
				CEF6892A1C1EABB300931B25 /* Warning Script */,
				CEF6892B1C1EABC200931B25 /* Build Counter */,
			);
			buildRules = (
			);
			dependencies = (
			);
			name = Icons;
			productName = Icons;
			productReference = CEF689151C1EAB8C00931B25 /* Icons.app */;
			productType = "com.apple.product-type.application";
		};
/* End PBXNativeTarget section */

/* Begin PBXProject section */
		CEF6890D1C1EAB8C00931B25 /* Project object */ = {
			isa = PBXProject;
			attributes = {
				LastSwiftUpdateCheck = 0710;
				LastUpgradeCheck = 0710;
				ORGANIZATIONNAME = Home;
				TargetAttributes = {
					CEF689141C1EAB8C00931B25 = {
						CreatedOnToolsVersion = 7.1.1;
					};
				};
			};
			buildConfigurationList = CEF689101C1EAB8C00931B25 /* Build configuration list for PBXProject "Icons" */;
			compatibilityVersion = "Xcode 3.2";
			developmentRegion = English;
			hasScannedForEncodings = 0;
			knownRegions = (
				en,
				Base,
			);
			mainGroup = CEF6890C1C1EAB8C00931B25;
			productRefGroup = CEF689161C1EAB8C00931B25 /* Products */;
			projectDirPath = "";
			projectRoot = "";
			targets = (
				CEF689141C1EAB8C00931B25 /* Icons */,
			);
		};
/* End PBXProject section */

/* Begin PBXResourcesBuildPhase section */
		CEF689131C1EAB8C00931B25 /* Resources */ = {
			isa = PBXResourcesBuildPhase;
			buildActionMask = 2147483647;
			files = (
				CEF689231C1EAB8C00931B25 /* LaunchScreen.storyboard in Resources */,
				CEF689201C1EAB8C00931B25 /* Assets.xcassets in Resources */,
				CEF6891E1C1EAB8C00931B25 /* Main.storyboard in Resources */,
			);
			runOnlyForDeploymentPostprocessing = 0;
		};
/* End PBXResourcesBuildPhase section */

/* Begin PBXShellScriptBuildPhase section */
		CEF6892A1C1EABB300931B25 /* Warning Script */ = {
			isa = PBXShellScriptBuildPhase;
			buildActionMask = 2147483647;
			files = (
			);
			inputPaths = (
			);
			name = "Warning Script";
			outputPaths = (
			);
			runOnlyForDeploymentPostprocessing = 0;
			shellPath = /bin/sh;
			shellScript = "TAGS=\"TODO:|FIXME:\"\necho \"searching ${SRCROOT} for ${TAGS}\"\nfind \"${SRCROOT}\" \\( -name \"*.swift\" \\) -print0 | xargs -0 egrep --with-filename --line-number --only-matching \"($TAGS).*\\$\" | perl -p -e \"s/($TAGS)/ warning: \\$1/\"";
		};
		CEF6892B1C1EABC200931B25 /* Build Counter */ = {
			isa = PBXShellScriptBuildPhase;
			buildActionMask = 2147483647;
			files = (
			);
			inputPaths = (
			);
			name = "Build Counter";
			outputPaths = (
			);
			runOnlyForDeploymentPostprocessing = 0;
			shellPath = /bin/sh;
			shellScript = "#!/bin/bash\nbuildNumber=$(/usr/libexec/PlistBuddy -c \"Print CFBundleVersion\" \"$INFOPLIST_FILE\")\nbuildNumber=$(($buildNumber + 1))\n/usr/libexec/PlistBuddy -c \"Set :CFBundleVersion $buildNumber\" \"$INFOPLIST_FILE\"";
		};
/* End PBXShellScriptBuildPhase section */

/* Begin PBXSourcesBuildPhase section */
		CEF689111C1EAB8C00931B25 /* Sources */ = {
			isa = PBXSourcesBuildPhase;
			buildActionMask = 2147483647;
			files = (
				CEF6891B1C1EAB8C00931B25 /* ViewController.swift in Sources */,
				CEF689191C1EAB8C00931B25 /* AppDelegate.swift in Sources */,
			);
			runOnlyForDeploymentPostprocessing = 0;
		};
/* End PBXSourcesBuildPhase section */

/* Begin PBXVariantGroup section */
		CEF6891C1C1EAB8C00931B25 /* Main.storyboard */ = {
			isa = PBXVariantGroup;
			children = (
				CEF6891D1C1EAB8C00931B25 /* Base */,
			);
			name = Main.storyboard;
			sourceTree = "<group>";
		};
		CEF689211C1EAB8C00931B25 /* LaunchScreen.storyboard */ = {
			isa = PBXVariantGroup;
			children = (
				CEF689221C1EAB8C00931B25 /* Base */,
			);
			name = LaunchScreen.storyboard;
			sourceTree = "<group>";
		};
/* End PBXVariantGroup section */

/* Begin XCBuildConfiguration section */
		CEF689251C1EAB8C00931B25 /* Debug */ = {
			isa = XCBuildConfiguration;
			buildSettings = {
				ALWAYS_SEARCH_USER_PATHS = NO;
				CLANG_CXX_LANGUAGE_STANDARD = "gnu++0x";
				CLANG_CXX_LIBRARY = "libc++";
				CLANG_ENABLE_MODULES = YES;
				CLANG_ENABLE_OBJC_ARC = YES;
				CLANG_WARN_BOOL_CONVERSION = YES;
				CLANG_WARN_CONSTANT_CONVERSION = YES;
				CLANG_WARN_DIRECT_OBJC_ISA_USAGE = YES_ERROR;
				CLANG_WARN_EMPTY_BODY = YES;
				CLANG_WARN_ENUM_CONVERSION = YES;
				CLANG_WARN_INT_CONVERSION = YES;
				CLANG_WARN_OBJC_ROOT_CLASS = YES_ERROR;
				CLANG_WARN_UNREACHABLE_CODE = YES;
				CLANG_WARN__DUPLICATE_METHOD_MATCH = YES;
				"CODE_SIGN_IDENTITY[sdk=iphoneos*]" = "iPhone Developer";
				COPY_PHASE_STRIP = NO;
				DEBUG_INFORMATION_FORMAT = dwarf;
				ENABLE_STRICT_OBJC_MSGSEND = YES;
				ENABLE_TESTABILITY = YES;
				GCC_C_LANGUAGE_STANDARD = gnu99;
				GCC_DYNAMIC_NO_PIC = NO;
				GCC_NO_COMMON_BLOCKS = YES;
				GCC_OPTIMIZATION_LEVEL = 0;
				GCC_PREPROCESSOR_DEFINITIONS = (
					"DEBUG=1",
					"$(inherited)",
				);
				GCC_WARN_64_TO_32_BIT_CONVERSION = YES;
				GCC_WARN_ABOUT_RETURN_TYPE = YES_ERROR;
				GCC_WARN_UNDECLARED_SELECTOR = YES;
				GCC_WARN_UNINITIALIZED_AUTOS = YES_AGGRESSIVE;
				GCC_WARN_UNUSED_FUNCTION = YES;
				GCC_WARN_UNUSED_VARIABLE = YES;
				IPHONEOS_DEPLOYMENT_TARGET = 9.1;
				MTL_ENABLE_DEBUG_INFO = YES;
				ONLY_ACTIVE_ARCH = YES;
				SDKROOT = iphoneos;
				SWIFT_OPTIMIZATION_LEVEL = "-Onone";
			};
			name = Debug;
		};
		CEF689261C1EAB8C00931B25 /* Release */ = {
			isa = XCBuildConfiguration;
			buildSettings = {
				ALWAYS_SEARCH_USER_PATHS = NO;
				CLANG_CXX_LANGUAGE_STANDARD = "gnu++0x";
				CLANG_CXX_LIBRARY = "libc++";
				CLANG_ENABLE_MODULES = YES;
				CLANG_ENABLE_OBJC_ARC = YES;
				CLANG_WARN_BOOL_CONVERSION = YES;
				CLANG_WARN_CONSTANT_CONVERSION = YES;
				CLANG_WARN_DIRECT_OBJC_ISA_USAGE = YES_ERROR;
				CLANG_WARN_EMPTY_BODY = YES;
				CLANG_WARN_ENUM_CONVERSION = YES;
				CLANG_WARN_INT_CONVERSION = YES;
				CLANG_WARN_OBJC_ROOT_CLASS = YES_ERROR;
				CLANG_WARN_UNREACHABLE_CODE = YES;
				CLANG_WARN__DUPLICATE_METHOD_MATCH = YES;
				"CODE_SIGN_IDENTITY[sdk=iphoneos*]" = "iPhone Developer";
				COPY_PHASE_STRIP = NO;
				DEBUG_INFORMATION_FORMAT = "dwarf-with-dsym";
				ENABLE_NS_ASSERTIONS = NO;
				ENABLE_STRICT_OBJC_MSGSEND = YES;
				GCC_C_LANGUAGE_STANDARD = gnu99;
				GCC_NO_COMMON_BLOCKS = YES;
				GCC_WARN_64_TO_32_BIT_CONVERSION = YES;
				GCC_WARN_ABOUT_RETURN_TYPE = YES_ERROR;
				GCC_WARN_UNDECLARED_SELECTOR = YES;
				GCC_WARN_UNINITIALIZED_AUTOS = YES_AGGRESSIVE;
				GCC_WARN_UNUSED_FUNCTION = YES;
				GCC_WARN_UNUSED_VARIABLE = YES;
				IPHONEOS_DEPLOYMENT_TARGET = 9.1;
				MTL_ENABLE_DEBUG_INFO = NO;
				SDKROOT = iphoneos;
				VALIDATE_PRODUCT = YES;
			};
			name = Release;
		};
		CEF689281C1EAB8C00931B25 /* Debug */ = {
			isa = XCBuildConfiguration;
			buildSettings = {
				ASSETCATALOG_COMPILER_APPICON_NAME = AppIcon;
				INFOPLIST_FILE = Icons/Info.plist;
				IPHONEOS_DEPLOYMENT_TARGET = 8.1;
				LD_RUNPATH_SEARCH_PATHS = "$(inherited) @executable_path/Frameworks";
				PRODUCT_BUNDLE_IDENTIFIER = com.home.Icons;
				PRODUCT_NAME = "$(TARGET_NAME)";
			};
			name = Debug;
		};
		CEF689291C1EAB8C00931B25 /* Release */ = {
			isa = XCBuildConfiguration;
			buildSettings = {
				ASSETCATALOG_COMPILER_APPICON_NAME = AppIcon;
				INFOPLIST_FILE = Icons/Info.plist;
				IPHONEOS_DEPLOYMENT_TARGET = 8.1;
				LD_RUNPATH_SEARCH_PATHS = "$(inherited) @executable_path/Frameworks";
				PRODUCT_BUNDLE_IDENTIFIER = com.home.Icons;
				PRODUCT_NAME = "$(TARGET_NAME)";
			};
			name = Release;
		};
/* End XCBuildConfiguration section */

/* Begin XCConfigurationList section */
		CEF689101C1EAB8C00931B25 /* Build configuration list for PBXProject "Icons" */ = {
			isa = XCConfigurationList;
			buildConfigurations = (
				CEF689251C1EAB8C00931B25 /* Debug */,
				CEF689261C1EAB8C00931B25 /* Release */,
			);
			defaultConfigurationIsVisible = 0;
			defaultConfigurationName = Release;
		};
		CEF689271C1EAB8C00931B25 /* Build configuration list for PBXNativeTarget "Icons" */ = {
			isa = XCConfigurationList;
			buildConfigurations = (
				CEF689281C1EAB8C00931B25 /* Debug */,
				CEF689291C1EAB8C00931B25 /* Release */,
			);
			defaultConfigurationIsVisible = 0;
		};
/* End XCConfigurationList section */
	};
	rootObject = CEF6890D1C1EAB8C00931B25 /* Project object */;
}
